
Microsoft Visual Studio Solution File, Format Version 12.00
# Visual Studio Version 17
VisualStudioVersion = 17.10.34916.146
MinimumVisualStudioVersion = 10.0.40219.1
Project("{9A19103F-16F7-4668-BE54-9A1E7A4F7556}") = "Bitvantage.Cisco.Type7Password", "Bitvantage.Cisco.Type7Password\Bitvantage.Cisco.Type7Password.csproj", "{D69BF529-1C91-43F8-84E5-4A43F9925CDF}"
EndProject
Project("{9A19103F-16F7-4668-BE54-9A1E7A4F7556}") = "Test", "Test\Test.csproj", "{D7DA0887-2D79-430A-871E-9DDBF6118BDD}"
EndProject
Project("{2150E333-8FDC-42A3-9474-1A3956D46DE8}") = "Solution Items", "Solution Items", "{FB3001D7-7625-4E11-ABE2-477A4CA0FE76}"
	ProjectSection(SolutionItems) = preProject
		Bitvantage.Cisco.Type7Password.sln.licenseheader = Bitvantage.Cisco.Type7Password.sln.licenseheader
		CODE_OF_CONDUCT.md = CODE_OF_CONDUCT.md
		LICENSE.md = LICENSE.md
		README.md = README.md
		TODO.md = TODO.md
	EndProjectSection
EndProject
Global
	GlobalSection(SolutionConfigurationPlatforms) = preSolution
		Debug|Any CPU = Debug|Any CPU
		Release|Any CPU = Release|Any CPU
	EndGlobalSection
	GlobalSection(ProjectConfigurationPlatforms) = postSolution
		{D69BF529-1C91-43F8-84E5-4A43F9925CDF}.Debug|Any CPU.ActiveCfg = Debug|Any CPU
		{D69BF529-1C91-43F8-84E5-4A43F9925CDF}.Debug|Any CPU.Build.0 = Debug|Any CPU
		{D69BF529-1C91-43F8-84E5-4A43F9925CDF}.Release|Any CPU.ActiveCfg = Release|Any CPU
		{D69BF529-1C91-43F8-84E5-4A43F9925CDF}.Release|Any CPU.Build.0 = Release|Any CPU
		{D7DA0887-2D79-430A-871E-9DDBF6118BDD}.Debug|Any CPU.ActiveCfg = Debug|Any CPU
		{D7DA0887-2D79-430A-871E-9DDBF6118BDD}.Debug|Any CPU.Build.0 = Debug|Any CPU
		{D7DA0887-2D79-430A-871E-9DDBF6118BDD}.Release|Any CPU.ActiveCfg = Release|Any CPU
		{D7DA0887-2D79-430A-871E-9DDBF6118BDD}.Release|Any CPU.Build.0 = Release|Any CPU
	EndGlobalSection
	GlobalSection(SolutionProperties) = preSolution
		HideSolutionNode = FALSE
	EndGlobalSection
	GlobalSection(ExtensibilityGlobals) = postSolution
		SolutionGuid = {BA272231-5557-4E2D-8949-FA9364649478}
	EndGlobalSection
EndGlobal
